
Microsoft Visual Studio Solution File, Format Version 12.00
# Visual Studio 15
VisualStudioVersion = 15.0.28307.168
MinimumVisualStudioVersion = 10.0.40219.1
Project("{FAE04EC0-301F-11D3-BF4B-00C04F79EFBC}") = "AlgorithmHW8", "AlgorithmHW8\AlgorithmHW8.csproj", "{A04163B9-8229-4322-8F39-761B70632CBC}"
EndProject
Global
	GlobalSection(SolutionConfigurationPlatforms) = preSolution
		Debug|Any CPU = Debug|Any CPU
		Release|Any CPU = Release|Any CPU
	EndGlobalSection
	GlobalSection(ProjectConfigurationPlatforms) = postSolution
		{A04163B9-8229-4322-8F39-761B70632CBC}.Debug|Any CPU.ActiveCfg = Debug|Any CPU
		{A04163B9-8229-4322-8F39-761B70632CBC}.Debug|Any CPU.Build.0 = Debug|Any CPU
		{A04163B9-8229-4322-8F39-761B70632CBC}.Release|Any CPU.ActiveCfg = Release|Any CPU
		{A04163B9-8229-4322-8F39-761B70632CBC}.Release|Any CPU.Build.0 = Release|Any CPU
	EndGlobalSection
	GlobalSection(SolutionProperties) = preSolution
		HideSolutionNode = FALSE
	EndGlobalSection
	GlobalSection(ExtensibilityGlobals) = postSolution
		SolutionGuid = {0BC504D0-A4BD-42E6-9144-905DE310E903}
	EndGlobalSection
EndGlobal
